
Microsoft Visual Studio Solution File, Format Version 12.00
# Visual Studio Version 16
VisualStudioVersion = 16.0.31005.135
MinimumVisualStudioVersion = 10.0.40219.1
Project("{9A19103F-16F7-4668-BE54-9A1E7A4F7556}") = "TempleTours", "TempleTours\TempleTours.csproj", "{B77C4763-544B-4953-BF4D-6FE8C303F9A3}"
EndProject
Global
	GlobalSection(SolutionConfigurationPlatforms) = preSolution
		Debug|Any CPU = Debug|Any CPU
		Release|Any CPU = Release|Any CPU
	EndGlobalSection
	GlobalSection(ProjectConfigurationPlatforms) = postSolution
		{B77C4763-544B-4953-BF4D-6FE8C303F9A3}.Debug|Any CPU.ActiveCfg = Debug|Any CPU
		{B77C4763-544B-4953-BF4D-6FE8C303F9A3}.Debug|Any CPU.Build.0 = Debug|Any CPU
		{B77C4763-544B-4953-BF4D-6FE8C303F9A3}.Release|Any CPU.ActiveCfg = Release|Any CPU
		{B77C4763-544B-4953-BF4D-6FE8C303F9A3}.Release|Any CPU.Build.0 = Release|Any CPU
	EndGlobalSection
	GlobalSection(SolutionProperties) = preSolution
		HideSolutionNode = FALSE
	EndGlobalSection
	GlobalSection(ExtensibilityGlobals) = postSolution
		SolutionGuid = {8C80BA6A-77BA-46CD-82CB-832F5BDB9B8F}
	EndGlobalSection
EndGlobal
